<Solution>
  <Folder Name="/client/">
    <Project Path="src/client/SistemaFinanceiro.Client/SistemaFinanceiro.Client.csproj" />
  </Folder>
  <Folder Name="/comum/">
    <Project Path="src/shared/SistemaFinanceiro.Dominio/SistemaFinanceiro.Dominio.csproj" />
  </Folder>
  <Folder Name="/server/">
    <Project Path="src/server/SistemaFinanceiro.Server/SistemaFinanceiro.Server.csproj" />
  </Folder>
</Solution>
